
Microsoft Visual Studio Solution File, Format Version 12.00
# Visual Studio 15
VisualStudioVersion = 15.0.27703.2000
MinimumVisualStudioVersion = 10.0.40219.1
Project("{FAE04EC0-301F-11D3-BF4B-00C04F79EFBC}") = "PowerExtensions", "PowerExtensions\PowerExtensions.csproj", "{6821DD09-B6FC-471D-8765-CB05CF5C4AD7}"
EndProject
Project("{FAE04EC0-301F-11D3-BF4B-00C04F79EFBC}") = "PowerExtensionTests", "PowerExtensionTests\PowerExtensionTests.csproj", "{DDF1970A-9CE6-4163-8B6F-B1262CBBDF97}"
EndProject
Global
	GlobalSection(SolutionConfigurationPlatforms) = preSolution
		Debug|Any CPU = Debug|Any CPU
		Release|Any CPU = Release|Any CPU
	EndGlobalSection
	GlobalSection(ProjectConfigurationPlatforms) = postSolution
		{6821DD09-B6FC-471D-8765-CB05CF5C4AD7}.Debug|Any CPU.ActiveCfg = Debug|Any CPU
		{6821DD09-B6FC-471D-8765-CB05CF5C4AD7}.Debug|Any CPU.Build.0 = Debug|Any CPU
		{6821DD09-B6FC-471D-8765-CB05CF5C4AD7}.Release|Any CPU.ActiveCfg = Release|Any CPU
		{6821DD09-B6FC-471D-8765-CB05CF5C4AD7}.Release|Any CPU.Build.0 = Release|Any CPU
		{DDF1970A-9CE6-4163-8B6F-B1262CBBDF97}.Debug|Any CPU.ActiveCfg = Debug|Any CPU
		{DDF1970A-9CE6-4163-8B6F-B1262CBBDF97}.Debug|Any CPU.Build.0 = Debug|Any CPU
		{DDF1970A-9CE6-4163-8B6F-B1262CBBDF97}.Release|Any CPU.ActiveCfg = Release|Any CPU
		{DDF1970A-9CE6-4163-8B6F-B1262CBBDF97}.Release|Any CPU.Build.0 = Release|Any CPU
	EndGlobalSection
	GlobalSection(SolutionProperties) = preSolution
		HideSolutionNode = FALSE
	EndGlobalSection
	GlobalSection(ExtensibilityGlobals) = postSolution
		SolutionGuid = {B88E2967-2585-411B-BD7C-E09112DAA169}
	EndGlobalSection
EndGlobal
